Microsoft Visual Studio Solution File, Format Version 12.00
# Visual Studio Version 16
VisualStudioVersion = 16.0.29509.3
MinimumVisualStudioVersion = 10.0.40219.1
Project("{FAE04EC0-301F-11D3-BF4B-00C04F79EFBC}") = "Explorite", "Explorite.csproj", "{69B9A798-F053-4094-8A1A-A0F7F4A018B7}"
EndProject
Project("{FAE04EC0-301F-11D3-BF4B-00C04F79EFBC}") = "Explorite_SoS2Lib", "Explorite_SoS2Lib.csproj", "{94D5D866-4AA8-4B99-94D9-B682B40AFD02}"
	ProjectSection(ProjectDependencies) = postProject
		{69B9A798-F053-4094-8A1A-A0F7F4A018B7} = {69B9A798-F053-4094-8A1A-A0F7F4A018B7}
	EndProjectSection
EndProject
Project("{2150E333-8FDC-42A3-9474-1A3956D46DE8}") = "Solution Items", "Solution Items", "{97D36F99-814E-46AC-803D-473191F9A106}"
	ProjectSection(SolutionItems) = preProject
		.editorconfig = .editorconfig
	EndProjectSection
EndProject
Project("{FAE04EC0-301F-11D3-BF4B-00C04F79EFBC}") = "Explorite_HARLib", "Explorite_HARLib.csproj", "{9903ED76-9EA7-4AD7-996F-E5B7DE0B47C8}"
	ProjectSection(ProjectDependencies) = postProject
		{69B9A798-F053-4094-8A1A-A0F7F4A018B7} = {69B9A798-F053-4094-8A1A-A0F7F4A018B7}
	EndProjectSection
EndProject
Project("{FAE04EC0-301F-11D3-BF4B-00C04F79EFBC}") = "Explorite_CELib", "Explorite_CELib.csproj", "{6C5DE686-2937-4772-B230-0FB290E79833}"
EndProject
Global
	GlobalSection(SolutionConfigurationPlatforms) = preSolution
		Debug|Any CPU = Debug|Any CPU
		Debug|x64 = Debug|x64
		Debug|x86 = Debug|x86
		Release|Any CPU = Release|Any CPU
		Release|x64 = Release|x64
		Release|x86 = Release|x86
	EndGlobalSection
	GlobalSection(ProjectConfigurationPlatforms) = postSolution
		{69B9A798-F053-4094-8A1A-A0F7F4A018B7}.Debug|Any CPU.ActiveCfg = Debug|Any CPU
		{69B9A798-F053-4094-8A1A-A0F7F4A018B7}.Debug|Any CPU.Build.0 = Debug|Any CPU
		{69B9A798-F053-4094-8A1A-A0F7F4A018B7}.Debug|x64.ActiveCfg = Debug|Any CPU
		{69B9A798-F053-4094-8A1A-A0F7F4A018B7}.Debug|x64.Build.0 = Debug|Any CPU
		{69B9A798-F053-4094-8A1A-A0F7F4A018B7}.Debug|x86.ActiveCfg = Debug|Any CPU
		{69B9A798-F053-4094-8A1A-A0F7F4A018B7}.Debug|x86.Build.0 = Debug|Any CPU
		{69B9A798-F053-4094-8A1A-A0F7F4A018B7}.Release|Any CPU.ActiveCfg = Release|Any CPU
		{69B9A798-F053-4094-8A1A-A0F7F4A018B7}.Release|Any CPU.Build.0 = Release|Any CPU
		{69B9A798-F053-4094-8A1A-A0F7F4A018B7}.Release|x64.ActiveCfg = Release|Any CPU
		{69B9A798-F053-4094-8A1A-A0F7F4A018B7}.Release|x64.Build.0 = Release|Any CPU
		{69B9A798-F053-4094-8A1A-A0F7F4A018B7}.Release|x86.ActiveCfg = Release|Any CPU
		{69B9A798-F053-4094-8A1A-A0F7F4A018B7}.Release|x86.Build.0 = Release|Any CPU
		{94D5D866-4AA8-4B99-94D9-B682B40AFD02}.Debug|Any CPU.ActiveCfg = Debug|Any CPU
		{94D5D866-4AA8-4B99-94D9-B682B40AFD02}.Debug|Any CPU.Build.0 = Debug|Any CPU
		{94D5D866-4AA8-4B99-94D9-B682B40AFD02}.Debug|x64.ActiveCfg = Debug|Any CPU
		{94D5D866-4AA8-4B99-94D9-B682B40AFD02}.Debug|x64.Build.0 = Debug|Any CPU
		{94D5D866-4AA8-4B99-94D9-B682B40AFD02}.Debug|x86.ActiveCfg = Debug|Any CPU
		{94D5D866-4AA8-4B99-94D9-B682B40AFD02}.Debug|x86.Build.0 = Debug|Any CPU
		{94D5D866-4AA8-4B99-94D9-B682B40AFD02}.Release|Any CPU.ActiveCfg = Release|Any CPU
		{94D5D866-4AA8-4B99-94D9-B682B40AFD02}.Release|Any CPU.Build.0 = Release|Any CPU
		{94D5D866-4AA8-4B99-94D9-B682B40AFD02}.Release|x64.ActiveCfg = Release|Any CPU
		{94D5D866-4AA8-4B99-94D9-B682B40AFD02}.Release|x64.Build.0 = Release|Any CPU
		{94D5D866-4AA8-4B99-94D9-B682B40AFD02}.Release|x86.ActiveCfg = Release|Any CPU
		{94D5D866-4AA8-4B99-94D9-B682B40AFD02}.Release|x86.Build.0 = Release|Any CPU
		{9903ED76-9EA7-4AD7-996F-E5B7DE0B47C8}.Debug|Any CPU.ActiveCfg = Debug|Any CPU
		{9903ED76-9EA7-4AD7-996F-E5B7DE0B47C8}.Debug|Any CPU.Build.0 = Debug|Any CPU
		{9903ED76-9EA7-4AD7-996F-E5B7DE0B47C8}.Debug|x64.ActiveCfg = Debug|Any CPU
		{9903ED76-9EA7-4AD7-996F-E5B7DE0B47C8}.Debug|x64.Build.0 = Debug|Any CPU
		{9903ED76-9EA7-4AD7-996F-E5B7DE0B47C8}.Debug|x86.ActiveCfg = Debug|Any CPU
		{9903ED76-9EA7-4AD7-996F-E5B7DE0B47C8}.Debug|x86.Build.0 = Debug|Any CPU
		{9903ED76-9EA7-4AD7-996F-E5B7DE0B47C8}.Release|Any CPU.ActiveCfg = Release|Any CPU
		{9903ED76-9EA7-4AD7-996F-E5B7DE0B47C8}.Release|Any CPU.Build.0 = Release|Any CPU
		{9903ED76-9EA7-4AD7-996F-E5B7DE0B47C8}.Release|x64.ActiveCfg = Release|Any CPU
		{9903ED76-9EA7-4AD7-996F-E5B7DE0B47C8}.Release|x64.Build.0 = Release|Any CPU
		{9903ED76-9EA7-4AD7-996F-E5B7DE0B47C8}.Release|x86.ActiveCfg = Release|Any CPU
		{9903ED76-9EA7-4AD7-996F-E5B7DE0B47C8}.Release|x86.Build.0 = Release|Any CPU
		{6C5DE686-2937-4772-B230-0FB290E79833}.Debug|Any CPU.ActiveCfg = Debug|Any CPU
		{6C5DE686-2937-4772-B230-0FB290E79833}.Debug|Any CPU.Build.0 = Debug|Any CPU
		{6C5DE686-2937-4772-B230-0FB290E79833}.Debug|x64.ActiveCfg = Debug|Any CPU
		{6C5DE686-2937-4772-B230-0FB290E79833}.Debug|x64.Build.0 = Debug|Any CPU
		{6C5DE686-2937-4772-B230-0FB290E79833}.Debug|x86.ActiveCfg = Debug|Any CPU
		{6C5DE686-2937-4772-B230-0FB290E79833}.Debug|x86.Build.0 = Debug|Any CPU
		{6C5DE686-2937-4772-B230-0FB290E79833}.Release|Any CPU.ActiveCfg = Release|Any CPU
		{6C5DE686-2937-4772-B230-0FB290E79833}.Release|Any CPU.Build.0 = Release|Any CPU
		{6C5DE686-2937-4772-B230-0FB290E79833}.Release|x64.ActiveCfg = Release|Any CPU
		{6C5DE686-2937-4772-B230-0FB290E79833}.Release|x64.Build.0 = Release|Any CPU
		{6C5DE686-2937-4772-B230-0FB290E79833}.Release|x86.ActiveCfg = Release|Any CPU
		{6C5DE686-2937-4772-B230-0FB290E79833}.Release|x86.Build.0 = Release|Any CPU
	EndGlobalSection
	GlobalSection(SolutionProperties) = preSolution
		HideSolutionNode = FALSE
	EndGlobalSection
	GlobalSection(ExtensibilityGlobals) = postSolution
		SolutionGuid = {69B9A798-F053-4094-8A1A-A0F7F4A018B7}
	EndGlobalSection
	GlobalSection(MonoDevelopProperties) = preSolution
		Policies = $0
		$0.DotNetNamingPolicy = $1
		$1.DirectoryNamespaceAssociation = None
		$1.ResourceNamePolicy = FileFormatDefault
		outputpath = ..\..\Assemblies
	EndGlobalSection
EndGlobal
